
Microsoft Visual Studio Solution File, Format Version 12.00
# Visual Studio Version 16
VisualStudioVersion = 16.0.30709.132
MinimumVisualStudioVersion = 10.0.40219.1
Project("{9A19103F-16F7-4668-BE54-9A1E7A4F7556}") = "TewiClipool.Server", "Server\TewiClipool.Server.csproj", "{98253D39-0A05-4DF3-BB54-144D9EACEADB}"
EndProject
Project("{9A19103F-16F7-4668-BE54-9A1E7A4F7556}") = "TewiClipool.Client", "Client\TewiClipool.Client.csproj", "{1E7940B3-D2EB-4AE2-AF10-B356F82C30D5}"
EndProject
Project("{9A19103F-16F7-4668-BE54-9A1E7A4F7556}") = "TewiClipool.Shared", "Shared\TewiClipool.Shared.csproj", "{0F3B792A-189D-42EA-8A15-5984B537A3A7}"
EndProject
Global
	GlobalSection(SolutionConfigurationPlatforms) = preSolution
		Debug|Any CPU = Debug|Any CPU
		Release|Any CPU = Release|Any CPU
	EndGlobalSection
	GlobalSection(ProjectConfigurationPlatforms) = postSolution
		{98253D39-0A05-4DF3-BB54-144D9EACEADB}.Debug|Any CPU.ActiveCfg = Debug|Any CPU
		{98253D39-0A05-4DF3-BB54-144D9EACEADB}.Debug|Any CPU.Build.0 = Debug|Any CPU
		{98253D39-0A05-4DF3-BB54-144D9EACEADB}.Release|Any CPU.ActiveCfg = Release|Any CPU
		{98253D39-0A05-4DF3-BB54-144D9EACEADB}.Release|Any CPU.Build.0 = Release|Any CPU
		{1E7940B3-D2EB-4AE2-AF10-B356F82C30D5}.Debug|Any CPU.ActiveCfg = Debug|Any CPU
		{1E7940B3-D2EB-4AE2-AF10-B356F82C30D5}.Debug|Any CPU.Build.0 = Debug|Any CPU
		{1E7940B3-D2EB-4AE2-AF10-B356F82C30D5}.Release|Any CPU.ActiveCfg = Release|Any CPU
		{1E7940B3-D2EB-4AE2-AF10-B356F82C30D5}.Release|Any CPU.Build.0 = Release|Any CPU
		{0F3B792A-189D-42EA-8A15-5984B537A3A7}.Debug|Any CPU.ActiveCfg = Debug|Any CPU
		{0F3B792A-189D-42EA-8A15-5984B537A3A7}.Debug|Any CPU.Build.0 = Debug|Any CPU
		{0F3B792A-189D-42EA-8A15-5984B537A3A7}.Release|Any CPU.ActiveCfg = Release|Any CPU
		{0F3B792A-189D-42EA-8A15-5984B537A3A7}.Release|Any CPU.Build.0 = Release|Any CPU
	EndGlobalSection
	GlobalSection(SolutionProperties) = preSolution
		HideSolutionNode = FALSE
	EndGlobalSection
	GlobalSection(ExtensibilityGlobals) = postSolution
		SolutionGuid = {587B0896-AC76-4127-824B-E8517E92EB43}
	EndGlobalSection
EndGlobal
